Microsoft Visual Studio Solution File, Format Version 12.00
# Visual Studio 15
VisualStudioVersion = 15.0.26730.10
MinimumVisualStudioVersion = 10.0.40219.1
Project("{6EC3EE1D-3C4E-46DD-8F32-0CC8E7565705}") = "SuperClip.Core", "SuperClip.Core\SuperClip.Core.fsproj", "{62595787-F3E8-48EB-B6C5-95166C42A769}"
EndProject
Project("{6EC3EE1D-3C4E-46DD-8F32-0CC8E7565705}") = "SuperClip.Forms", "SuperClip.Forms\SuperClip.Forms.fsproj", "{62595787-F3E8-48EB-B6C5-95166C42A669}"
EndProject
Project("{F2A71F9B-5D33-465A-A702-920D77279786}") = "SuperClip.Droid", "SuperClip.Droid\SuperClip.Droid.fsproj", "{751F1582-12DB-4BB7-ADBA-F38F15A74B75}"
EndProject
Project("{F2A71F9B-5D33-465A-A702-920D77279786}") = "SuperClip.iOS", "SuperClip.iOS\SuperClip.iOS.fsproj", "{C6ADA296-625F-42B0-AC86-A11042A742DE}"
EndProject
Project("{F2A71F9B-5D33-465A-A702-920D77279786}") = "SuperClip.macOS", "SuperClip.macOS\SuperClip.macOS.fsproj", "{E90EDF1A-8048-4D97-9E3D-1F1C185D9476}"
EndProject
Project("{FAE04EC0-301F-11D3-BF4B-00C04F79EFBC}") = "SuperClip.GTK", "SuperClip.GTK\SuperClip.GTK.csproj", "{3D2D7C16-B188-414A-8BA8-637D63E1F0A8}"
EndProject
Project("{FAE04EC0-301F-11D3-BF4B-00C04F79EFBC}") = "SuperClip.UWP", "SuperClip.UWP\SuperClip.UWP.csproj", "{97F120C8-F064-4450-9CE3-6E3EE8262BD8}"
EndProject
Global
	GlobalSection(SolutionConfigurationPlatforms) = preSolution
		Ad-Hoc|Any CPU = Ad-Hoc|Any CPU
		Ad-Hoc|ARM = Ad-Hoc|ARM
		Ad-Hoc|iPhone = Ad-Hoc|iPhone
		Ad-Hoc|iPhoneSimulator = Ad-Hoc|iPhoneSimulator
		Ad-Hoc|x64 = Ad-Hoc|x64
		Ad-Hoc|x86 = Ad-Hoc|x86
		AppStore|Any CPU = AppStore|Any CPU
		AppStore|ARM = AppStore|ARM
		AppStore|iPhone = AppStore|iPhone
		AppStore|iPhoneSimulator = AppStore|iPhoneSimulator
		AppStore|x64 = AppStore|x64
		AppStore|x86 = AppStore|x86
		Debug|Any CPU = Debug|Any CPU
		Debug|ARM = Debug|ARM
		Debug|iPhone = Debug|iPhone
		Debug|iPhoneSimulator = Debug|iPhoneSimulator
		Debug|x64 = Debug|x64
		Debug|x86 = Debug|x86
		Release|Any CPU = Release|Any CPU
		Release|ARM = Release|ARM
		Release|iPhone = Release|iPhone
		Release|iPhoneSimulator = Release|iPhoneSimulator
		Release|x64 = Release|x64
		Release|x86 = Release|x86
	EndGlobalSection
	GlobalSection(ProjectConfigurationPlatforms) = postSolution
		{62595787-F3E8-48EB-B6C5-95166C42A769}.Ad-Hoc|Any CPU.ActiveCfg = Debug|Any CPU
		{62595787-F3E8-48EB-B6C5-95166C42A769}.Ad-Hoc|Any CPU.Build.0 = Debug|Any CPU
		{62595787-F3E8-48EB-B6C5-95166C42A769}.Ad-Hoc|ARM.ActiveCfg = Debug|Any CPU
		{62595787-F3E8-48EB-B6C5-95166C42A769}.Ad-Hoc|ARM.Build.0 = Debug|Any CPU
		{62595787-F3E8-48EB-B6C5-95166C42A769}.Ad-Hoc|iPhone.ActiveCfg = Debug|Any CPU
		{62595787-F3E8-48EB-B6C5-95166C42A769}.Ad-Hoc|iPhone.Build.0 = Debug|Any CPU
		{62595787-F3E8-48EB-B6C5-95166C42A769}.Ad-Hoc|iPhoneSimulator.ActiveCfg = Debug|Any CPU
		{62595787-F3E8-48EB-B6C5-95166C42A769}.Ad-Hoc|iPhoneSimulator.Build.0 = Debug|Any CPU
		{62595787-F3E8-48EB-B6C5-95166C42A769}.Ad-Hoc|x64.ActiveCfg = Debug|Any CPU
		{62595787-F3E8-48EB-B6C5-95166C42A769}.Ad-Hoc|x64.Build.0 = Debug|Any CPU
		{62595787-F3E8-48EB-B6C5-95166C42A769}.Ad-Hoc|x86.ActiveCfg = Debug|Any CPU
		{62595787-F3E8-48EB-B6C5-95166C42A769}.Ad-Hoc|x86.Build.0 = Debug|Any CPU
		{62595787-F3E8-48EB-B6C5-95166C42A769}.AppStore|Any CPU.ActiveCfg = Debug|Any CPU
		{62595787-F3E8-48EB-B6C5-95166C42A769}.AppStore|Any CPU.Build.0 = Debug|Any CPU
		{62595787-F3E8-48EB-B6C5-95166C42A769}.AppStore|ARM.ActiveCfg = Debug|Any CPU
		{62595787-F3E8-48EB-B6C5-95166C42A769}.AppStore|ARM.Build.0 = Debug|Any CPU
		{62595787-F3E8-48EB-B6C5-95166C42A769}.AppStore|iPhone.ActiveCfg = Debug|Any CPU
		{62595787-F3E8-48EB-B6C5-95166C42A769}.AppStore|iPhone.Build.0 = Debug|Any CPU
		{62595787-F3E8-48EB-B6C5-95166C42A769}.AppStore|iPhoneSimulator.ActiveCfg = Debug|Any CPU
		{62595787-F3E8-48EB-B6C5-95166C42A769}.AppStore|iPhoneSimulator.Build.0 = Debug|Any CPU
		{62595787-F3E8-48EB-B6C5-95166C42A769}.AppStore|x64.ActiveCfg = Debug|Any CPU
		{62595787-F3E8-48EB-B6C5-95166C42A769}.AppStore|x64.Build.0 = Debug|Any CPU
		{62595787-F3E8-48EB-B6C5-95166C42A769}.AppStore|x86.ActiveCfg = Debug|Any CPU
		{62595787-F3E8-48EB-B6C5-95166C42A769}.AppStore|x86.Build.0 = Debug|Any CPU
		{62595787-F3E8-48EB-B6C5-95166C42A769}.Debug|Any CPU.ActiveCfg = Debug|Any CPU
		{62595787-F3E8-48EB-B6C5-95166C42A769}.Debug|Any CPU.Build.0 = Debug|Any CPU
		{62595787-F3E8-48EB-B6C5-95166C42A769}.Debug|ARM.ActiveCfg = Debug|Any CPU
		{62595787-F3E8-48EB-B6C5-95166C42A769}.Debug|ARM.Build.0 = Debug|Any CPU
		{62595787-F3E8-48EB-B6C5-95166C42A769}.Debug|iPhone.ActiveCfg = Debug|Any CPU
		{62595787-F3E8-48EB-B6C5-95166C42A769}.Debug|iPhone.Build.0 = Debug|Any CPU
		{62595787-F3E8-48EB-B6C5-95166C42A769}.Debug|iPhoneSimulator.ActiveCfg = Debug|Any CPU
		{62595787-F3E8-48EB-B6C5-95166C42A769}.Debug|iPhoneSimulator.Build.0 = Debug|Any CPU
		{62595787-F3E8-48EB-B6C5-95166C42A769}.Debug|x64.ActiveCfg = Debug|Any CPU
		{62595787-F3E8-48EB-B6C5-95166C42A769}.Debug|x64.Build.0 = Debug|Any CPU
		{62595787-F3E8-48EB-B6C5-95166C42A769}.Debug|x86.ActiveCfg = Debug|Any CPU
		{62595787-F3E8-48EB-B6C5-95166C42A769}.Debug|x86.Build.0 = Debug|Any CPU
		{62595787-F3E8-48EB-B6C5-95166C42A769}.Release|Any CPU.ActiveCfg = Release|Any CPU
		{62595787-F3E8-48EB-B6C5-95166C42A769}.Release|Any CPU.Build.0 = Release|Any CPU
		{62595787-F3E8-48EB-B6C5-95166C42A769}.Release|ARM.ActiveCfg = Release|Any CPU
		{62595787-F3E8-48EB-B6C5-95166C42A769}.Release|ARM.Build.0 = Release|Any CPU
		{62595787-F3E8-48EB-B6C5-95166C42A769}.Release|iPhone.ActiveCfg = Release|Any CPU
		{62595787-F3E8-48EB-B6C5-95166C42A769}.Release|iPhone.Build.0 = Release|Any CPU
		{62595787-F3E8-48EB-B6C5-95166C42A769}.Release|iPhoneSimulator.ActiveCfg = Release|Any CPU
		{62595787-F3E8-48EB-B6C5-95166C42A769}.Release|iPhoneSimulator.Build.0 = Release|Any CPU
		{62595787-F3E8-48EB-B6C5-95166C42A769}.Release|x64.ActiveCfg = Release|Any CPU
		{62595787-F3E8-48EB-B6C5-95166C42A769}.Release|x64.Build.0 = Release|Any CPU
		{62595787-F3E8-48EB-B6C5-95166C42A769}.Release|x86.ActiveCfg = Release|Any CPU
		{62595787-F3E8-48EB-B6C5-95166C42A769}.Release|x86.Build.0 = Release|Any CPU
		{62595787-F3E8-48EB-B6C5-95166C42A669}.Ad-Hoc|Any CPU.ActiveCfg = Debug|Any CPU
		{62595787-F3E8-48EB-B6C5-95166C42A669}.Ad-Hoc|Any CPU.Build.0 = Debug|Any CPU
		{62595787-F3E8-48EB-B6C5-95166C42A669}.Ad-Hoc|ARM.ActiveCfg = Debug|Any CPU
		{62595787-F3E8-48EB-B6C5-95166C42A669}.Ad-Hoc|ARM.Build.0 = Debug|Any CPU
		{62595787-F3E8-48EB-B6C5-95166C42A669}.Ad-Hoc|iPhone.ActiveCfg = Debug|Any CPU
		{62595787-F3E8-48EB-B6C5-95166C42A669}.Ad-Hoc|iPhone.Build.0 = Debug|Any CPU
		{62595787-F3E8-48EB-B6C5-95166C42A669}.Ad-Hoc|iPhoneSimulator.ActiveCfg = Debug|Any CPU
		{62595787-F3E8-48EB-B6C5-95166C42A669}.Ad-Hoc|iPhoneSimulator.Build.0 = Debug|Any CPU
		{62595787-F3E8-48EB-B6C5-95166C42A669}.Ad-Hoc|x64.ActiveCfg = Debug|Any CPU
		{62595787-F3E8-48EB-B6C5-95166C42A669}.Ad-Hoc|x64.Build.0 = Debug|Any CPU
		{62595787-F3E8-48EB-B6C5-95166C42A669}.Ad-Hoc|x86.ActiveCfg = Debug|Any CPU
		{62595787-F3E8-48EB-B6C5-95166C42A669}.Ad-Hoc|x86.Build.0 = Debug|Any CPU
		{62595787-F3E8-48EB-B6C5-95166C42A669}.AppStore|Any CPU.ActiveCfg = Debug|Any CPU
		{62595787-F3E8-48EB-B6C5-95166C42A669}.AppStore|Any CPU.Build.0 = Debug|Any CPU
		{62595787-F3E8-48EB-B6C5-95166C42A669}.AppStore|ARM.ActiveCfg = Debug|Any CPU
		{62595787-F3E8-48EB-B6C5-95166C42A669}.AppStore|ARM.Build.0 = Debug|Any CPU
		{62595787-F3E8-48EB-B6C5-95166C42A669}.AppStore|iPhone.ActiveCfg = Debug|Any CPU
		{62595787-F3E8-48EB-B6C5-95166C42A669}.AppStore|iPhone.Build.0 = Debug|Any CPU
		{62595787-F3E8-48EB-B6C5-95166C42A669}.AppStore|iPhoneSimulator.ActiveCfg = Debug|Any CPU
		{62595787-F3E8-48EB-B6C5-95166C42A669}.AppStore|iPhoneSimulator.Build.0 = Debug|Any CPU
		{62595787-F3E8-48EB-B6C5-95166C42A669}.AppStore|x64.ActiveCfg = Debug|Any CPU
		{62595787-F3E8-48EB-B6C5-95166C42A669}.AppStore|x64.Build.0 = Debug|Any CPU
		{62595787-F3E8-48EB-B6C5-95166C42A669}.AppStore|x86.ActiveCfg = Debug|Any CPU
		{62595787-F3E8-48EB-B6C5-95166C42A669}.AppStore|x86.Build.0 = Debug|Any CPU
		{62595787-F3E8-48EB-B6C5-95166C42A669}.Debug|Any CPU.ActiveCfg = Debug|Any CPU
		{62595787-F3E8-48EB-B6C5-95166C42A669}.Debug|Any CPU.Build.0 = Debug|Any CPU
		{62595787-F3E8-48EB-B6C5-95166C42A669}.Debug|ARM.ActiveCfg = Debug|Any CPU
		{62595787-F3E8-48EB-B6C5-95166C42A669}.Debug|ARM.Build.0 = Debug|Any CPU
		{62595787-F3E8-48EB-B6C5-95166C42A669}.Debug|iPhone.ActiveCfg = Debug|Any CPU
		{62595787-F3E8-48EB-B6C5-95166C42A669}.Debug|iPhone.Build.0 = Debug|Any CPU
		{62595787-F3E8-48EB-B6C5-95166C42A669}.Debug|iPhoneSimulator.ActiveCfg = Debug|Any CPU
		{62595787-F3E8-48EB-B6C5-95166C42A669}.Debug|iPhoneSimulator.Build.0 = Debug|Any CPU
		{62595787-F3E8-48EB-B6C5-95166C42A669}.Debug|x64.ActiveCfg = Debug|Any CPU
		{62595787-F3E8-48EB-B6C5-95166C42A669}.Debug|x64.Build.0 = Debug|Any CPU
		{62595787-F3E8-48EB-B6C5-95166C42A669}.Debug|x86.ActiveCfg = Debug|Any CPU
		{62595787-F3E8-48EB-B6C5-95166C42A669}.Debug|x86.Build.0 = Debug|Any CPU
		{62595787-F3E8-48EB-B6C5-95166C42A669}.Release|Any CPU.ActiveCfg = Release|Any CPU
		{62595787-F3E8-48EB-B6C5-95166C42A669}.Release|Any CPU.Build.0 = Release|Any CPU
		{62595787-F3E8-48EB-B6C5-95166C42A669}.Release|ARM.ActiveCfg = Release|Any CPU
		{62595787-F3E8-48EB-B6C5-95166C42A669}.Release|ARM.Build.0 = Release|Any CPU
		{62595787-F3E8-48EB-B6C5-95166C42A669}.Release|iPhone.ActiveCfg = Release|Any CPU
		{62595787-F3E8-48EB-B6C5-95166C42A669}.Release|iPhone.Build.0 = Release|Any CPU
		{62595787-F3E8-48EB-B6C5-95166C42A669}.Release|iPhoneSimulator.ActiveCfg = Release|Any CPU
		{62595787-F3E8-48EB-B6C5-95166C42A669}.Release|iPhoneSimulator.Build.0 = Release|Any CPU
		{62595787-F3E8-48EB-B6C5-95166C42A669}.Release|x64.ActiveCfg = Release|Any CPU
		{62595787-F3E8-48EB-B6C5-95166C42A669}.Release|x64.Build.0 = Release|Any CPU
		{62595787-F3E8-48EB-B6C5-95166C42A669}.Release|x86.ActiveCfg = Release|Any CPU
		{62595787-F3E8-48EB-B6C5-95166C42A669}.Release|x86.Build.0 = Release|Any CPU
		{751F1582-12DB-4BB7-ADBA-F38F15A74B75}.Ad-Hoc|Any CPU.ActiveCfg = Release|Any CPU
		{751F1582-12DB-4BB7-ADBA-F38F15A74B75}.Ad-Hoc|Any CPU.Build.0 = Release|Any CPU
		{751F1582-12DB-4BB7-ADBA-F38F15A74B75}.Ad-Hoc|ARM.ActiveCfg = Release|Any CPU
		{751F1582-12DB-4BB7-ADBA-F38F15A74B75}.Ad-Hoc|ARM.Build.0 = Release|Any CPU
		{751F1582-12DB-4BB7-ADBA-F38F15A74B75}.Ad-Hoc|iPhone.ActiveCfg = Release|Any CPU
		{751F1582-12DB-4BB7-ADBA-F38F15A74B75}.Ad-Hoc|iPhone.Build.0 = Release|Any CPU
		{751F1582-12DB-4BB7-ADBA-F38F15A74B75}.Ad-Hoc|iPhoneSimulator.ActiveCfg = Release|Any CPU
		{751F1582-12DB-4BB7-ADBA-F38F15A74B75}.Ad-Hoc|iPhoneSimulator.Build.0 = Release|Any CPU
		{751F1582-12DB-4BB7-ADBA-F38F15A74B75}.Ad-Hoc|x64.ActiveCfg = Release|Any CPU
		{751F1582-12DB-4BB7-ADBA-F38F15A74B75}.Ad-Hoc|x64.Build.0 = Release|Any CPU
		{751F1582-12DB-4BB7-ADBA-F38F15A74B75}.Ad-Hoc|x86.ActiveCfg = Release|Any CPU
		{751F1582-12DB-4BB7-ADBA-F38F15A74B75}.Ad-Hoc|x86.Build.0 = Release|Any CPU
		{751F1582-12DB-4BB7-ADBA-F38F15A74B75}.AppStore|Any CPU.ActiveCfg = Release|Any CPU
		{751F1582-12DB-4BB7-ADBA-F38F15A74B75}.AppStore|Any CPU.Build.0 = Release|Any CPU
		{751F1582-12DB-4BB7-ADBA-F38F15A74B75}.AppStore|ARM.ActiveCfg = Release|Any CPU
		{751F1582-12DB-4BB7-ADBA-F38F15A74B75}.AppStore|ARM.Build.0 = Release|Any CPU
		{751F1582-12DB-4BB7-ADBA-F38F15A74B75}.AppStore|iPhone.ActiveCfg = Release|Any CPU
		{751F1582-12DB-4BB7-ADBA-F38F15A74B75}.AppStore|iPhone.Build.0 = Release|Any CPU
		{751F1582-12DB-4BB7-ADBA-F38F15A74B75}.AppStore|iPhoneSimulator.ActiveCfg = Release|Any CPU
		{751F1582-12DB-4BB7-ADBA-F38F15A74B75}.AppStore|iPhoneSimulator.Build.0 = Release|Any CPU
		{751F1582-12DB-4BB7-ADBA-F38F15A74B75}.AppStore|x64.ActiveCfg = Release|Any CPU
		{751F1582-12DB-4BB7-ADBA-F38F15A74B75}.AppStore|x64.Build.0 = Release|Any CPU
		{751F1582-12DB-4BB7-ADBA-F38F15A74B75}.AppStore|x86.ActiveCfg = Release|Any CPU
		{751F1582-12DB-4BB7-ADBA-F38F15A74B75}.AppStore|x86.Build.0 = Release|Any CPU
		{751F1582-12DB-4BB7-ADBA-F38F15A74B75}.Debug|Any CPU.ActiveCfg = Debug|Any CPU
		{751F1582-12DB-4BB7-ADBA-F38F15A74B75}.Debug|Any CPU.Build.0 = Debug|Any CPU
		{751F1582-12DB-4BB7-ADBA-F38F15A74B75}.Debug|Any CPU.Deploy.0 = Debug|Any CPU
		{751F1582-12DB-4BB7-ADBA-F38F15A74B75}.Debug|ARM.ActiveCfg = Debug|Any CPU
		{751F1582-12DB-4BB7-ADBA-F38F15A74B75}.Debug|ARM.Build.0 = Debug|Any CPU
		{751F1582-12DB-4BB7-ADBA-F38F15A74B75}.Debug|iPhone.ActiveCfg = Debug|Any CPU
		{751F1582-12DB-4BB7-ADBA-F38F15A74B75}.Debug|iPhone.Build.0 = Debug|Any CPU
		{751F1582-12DB-4BB7-ADBA-F38F15A74B75}.Debug|iPhoneSimulator.ActiveCfg = Debug|Any CPU
		{751F1582-12DB-4BB7-ADBA-F38F15A74B75}.Debug|iPhoneSimulator.Build.0 = Debug|Any CPU
		{751F1582-12DB-4BB7-ADBA-F38F15A74B75}.Debug|x64.ActiveCfg = Debug|Any CPU
		{751F1582-12DB-4BB7-ADBA-F38F15A74B75}.Debug|x64.Build.0 = Debug|Any CPU
		{751F1582-12DB-4BB7-ADBA-F38F15A74B75}.Debug|x86.ActiveCfg = Debug|Any CPU
		{751F1582-12DB-4BB7-ADBA-F38F15A74B75}.Debug|x86.Build.0 = Debug|Any CPU
		{751F1582-12DB-4BB7-ADBA-F38F15A74B75}.Release|Any CPU.ActiveCfg = Release|Any CPU
		{751F1582-12DB-4BB7-ADBA-F38F15A74B75}.Release|Any CPU.Build.0 = Release|Any CPU
		{751F1582-12DB-4BB7-ADBA-F38F15A74B75}.Release|Any CPU.Deploy.0 = Release|Any CPU
		{751F1582-12DB-4BB7-ADBA-F38F15A74B75}.Release|ARM.ActiveCfg = Release|Any CPU
		{751F1582-12DB-4BB7-ADBA-F38F15A74B75}.Release|ARM.Build.0 = Release|Any CPU
		{751F1582-12DB-4BB7-ADBA-F38F15A74B75}.Release|iPhone.ActiveCfg = Release|Any CPU
		{751F1582-12DB-4BB7-ADBA-F38F15A74B75}.Release|iPhone.Build.0 = Release|Any CPU
		{751F1582-12DB-4BB7-ADBA-F38F15A74B75}.Release|iPhoneSimulator.ActiveCfg = Release|Any CPU
		{751F1582-12DB-4BB7-ADBA-F38F15A74B75}.Release|iPhoneSimulator.Build.0 = Release|Any CPU
		{751F1582-12DB-4BB7-ADBA-F38F15A74B75}.Release|x64.ActiveCfg = Release|Any CPU
		{751F1582-12DB-4BB7-ADBA-F38F15A74B75}.Release|x64.Build.0 = Release|Any CPU
		{751F1582-12DB-4BB7-ADBA-F38F15A74B75}.Release|x86.ActiveCfg = Release|Any CPU
		{751F1582-12DB-4BB7-ADBA-F38F15A74B75}.Release|x86.Build.0 = Release|Any CPU
		{C6ADA296-625F-42B0-AC86-A11042A742DE}.Ad-Hoc|Any CPU.ActiveCfg = Ad-Hoc|iPhone
		{C6ADA296-625F-42B0-AC86-A11042A742DE}.Ad-Hoc|ARM.ActiveCfg = Ad-Hoc|iPhone
		{C6ADA296-625F-42B0-AC86-A11042A742DE}.Ad-Hoc|iPhone.ActiveCfg = Ad-Hoc|iPhone
		{C6ADA296-625F-42B0-AC86-A11042A742DE}.Ad-Hoc|iPhone.Build.0 = Ad-Hoc|iPhone
		{C6ADA296-625F-42B0-AC86-A11042A742DE}.Ad-Hoc|iPhoneSimulator.ActiveCfg = Ad-Hoc|iPhoneSimulator
		{C6ADA296-625F-42B0-AC86-A11042A742DE}.Ad-Hoc|iPhoneSimulator.Build.0 = Ad-Hoc|iPhoneSimulator
		{C6ADA296-625F-42B0-AC86-A11042A742DE}.Ad-Hoc|x64.ActiveCfg = Ad-Hoc|iPhone
		{C6ADA296-625F-42B0-AC86-A11042A742DE}.Ad-Hoc|x86.ActiveCfg = Ad-Hoc|iPhone
		{C6ADA296-625F-42B0-AC86-A11042A742DE}.AppStore|Any CPU.ActiveCfg = AppStore|iPhone
		{C6ADA296-625F-42B0-AC86-A11042A742DE}.AppStore|ARM.ActiveCfg = AppStore|iPhone
		{C6ADA296-625F-42B0-AC86-A11042A742DE}.AppStore|iPhone.ActiveCfg = AppStore|iPhone
		{C6ADA296-625F-42B0-AC86-A11042A742DE}.AppStore|iPhone.Build.0 = AppStore|iPhone
		{C6ADA296-625F-42B0-AC86-A11042A742DE}.AppStore|iPhoneSimulator.ActiveCfg = AppStore|iPhoneSimulator
		{C6ADA296-625F-42B0-AC86-A11042A742DE}.AppStore|iPhoneSimulator.Build.0 = AppStore|iPhoneSimulator
		{C6ADA296-625F-42B0-AC86-A11042A742DE}.AppStore|x64.ActiveCfg = AppStore|iPhone
		{C6ADA296-625F-42B0-AC86-A11042A742DE}.AppStore|x86.ActiveCfg = AppStore|iPhone
		{C6ADA296-625F-42B0-AC86-A11042A742DE}.Debug|Any CPU.ActiveCfg = Debug|iPhone
		{C6ADA296-625F-42B0-AC86-A11042A742DE}.Debug|ARM.ActiveCfg = Debug|iPhone
		{C6ADA296-625F-42B0-AC86-A11042A742DE}.Debug|iPhone.ActiveCfg = Debug|iPhone
		{C6ADA296-625F-42B0-AC86-A11042A742DE}.Debug|iPhone.Build.0 = Debug|iPhone
		{C6ADA296-625F-42B0-AC86-A11042A742DE}.Debug|iPhoneSimulator.ActiveCfg = Debug|iPhoneSimulator
		{C6ADA296-625F-42B0-AC86-A11042A742DE}.Debug|iPhoneSimulator.Build.0 = Debug|iPhoneSimulator
		{C6ADA296-625F-42B0-AC86-A11042A742DE}.Debug|x64.ActiveCfg = Debug|iPhone
		{C6ADA296-625F-42B0-AC86-A11042A742DE}.Debug|x86.ActiveCfg = Debug|iPhone
		{C6ADA296-625F-42B0-AC86-A11042A742DE}.Release|Any CPU.ActiveCfg = Release|iPhone
		{C6ADA296-625F-42B0-AC86-A11042A742DE}.Release|ARM.ActiveCfg = Release|iPhone
		{C6ADA296-625F-42B0-AC86-A11042A742DE}.Release|iPhone.ActiveCfg = Release|iPhone
		{C6ADA296-625F-42B0-AC86-A11042A742DE}.Release|iPhone.Build.0 = Release|iPhone
		{C6ADA296-625F-42B0-AC86-A11042A742DE}.Release|iPhoneSimulator.ActiveCfg = Release|iPhoneSimulator
		{C6ADA296-625F-42B0-AC86-A11042A742DE}.Release|iPhoneSimulator.Build.0 = Release|iPhoneSimulator
		{C6ADA296-625F-42B0-AC86-A11042A742DE}.Release|x64.ActiveCfg = Release|iPhone
		{C6ADA296-625F-42B0-AC86-A11042A742DE}.Release|x86.ActiveCfg = Release|iPhone
		{E90EDF1A-8048-4D97-9E3D-1F1C185D9476}.Ad-Hoc|Any CPU.ActiveCfg = Release|Any CPU
		{E90EDF1A-8048-4D97-9E3D-1F1C185D9476}.Ad-Hoc|Any CPU.Build.0 = Release|Any CPU
		{E90EDF1A-8048-4D97-9E3D-1F1C185D9476}.Ad-Hoc|ARM.ActiveCfg = Release|Any CPU
		{E90EDF1A-8048-4D97-9E3D-1F1C185D9476}.Ad-Hoc|ARM.Build.0 = Release|Any CPU
		{E90EDF1A-8048-4D97-9E3D-1F1C185D9476}.Ad-Hoc|iPhone.ActiveCfg = Release|Any CPU
		{E90EDF1A-8048-4D97-9E3D-1F1C185D9476}.Ad-Hoc|iPhone.Build.0 = Release|Any CPU
		{E90EDF1A-8048-4D97-9E3D-1F1C185D9476}.Ad-Hoc|iPhoneSimulator.ActiveCfg = Release|Any CPU
		{E90EDF1A-8048-4D97-9E3D-1F1C185D9476}.Ad-Hoc|iPhoneSimulator.Build.0 = Release|Any CPU
		{E90EDF1A-8048-4D97-9E3D-1F1C185D9476}.Ad-Hoc|x64.ActiveCfg = Release|Any CPU
		{E90EDF1A-8048-4D97-9E3D-1F1C185D9476}.Ad-Hoc|x64.Build.0 = Release|Any CPU
		{E90EDF1A-8048-4D97-9E3D-1F1C185D9476}.Ad-Hoc|x86.ActiveCfg = Release|Any CPU
		{E90EDF1A-8048-4D97-9E3D-1F1C185D9476}.Ad-Hoc|x86.Build.0 = Release|Any CPU
		{E90EDF1A-8048-4D97-9E3D-1F1C185D9476}.AppStore|Any CPU.ActiveCfg = Release|Any CPU
		{E90EDF1A-8048-4D97-9E3D-1F1C185D9476}.AppStore|Any CPU.Build.0 = Release|Any CPU
		{E90EDF1A-8048-4D97-9E3D-1F1C185D9476}.AppStore|ARM.ActiveCfg = Release|Any CPU
		{E90EDF1A-8048-4D97-9E3D-1F1C185D9476}.AppStore|ARM.Build.0 = Release|Any CPU
		{E90EDF1A-8048-4D97-9E3D-1F1C185D9476}.AppStore|iPhone.ActiveCfg = Release|Any CPU
		{E90EDF1A-8048-4D97-9E3D-1F1C185D9476}.AppStore|iPhone.Build.0 = Release|Any CPU
		{E90EDF1A-8048-4D97-9E3D-1F1C185D9476}.AppStore|iPhoneSimulator.ActiveCfg = Release|Any CPU
		{E90EDF1A-8048-4D97-9E3D-1F1C185D9476}.AppStore|iPhoneSimulator.Build.0 = Release|Any CPU
		{E90EDF1A-8048-4D97-9E3D-1F1C185D9476}.AppStore|x64.ActiveCfg = Release|Any CPU
		{E90EDF1A-8048-4D97-9E3D-1F1C185D9476}.AppStore|x64.Build.0 = Release|Any CPU
		{E90EDF1A-8048-4D97-9E3D-1F1C185D9476}.AppStore|x86.ActiveCfg = Release|Any CPU
		{E90EDF1A-8048-4D97-9E3D-1F1C185D9476}.AppStore|x86.Build.0 = Release|Any CPU
		{E90EDF1A-8048-4D97-9E3D-1F1C185D9476}.Debug|Any CPU.ActiveCfg = Debug|Any CPU
		{E90EDF1A-8048-4D97-9E3D-1F1C185D9476}.Debug|Any CPU.Build.0 = Debug|Any CPU
		{E90EDF1A-8048-4D97-9E3D-1F1C185D9476}.Debug|ARM.ActiveCfg = Debug|Any CPU
		{E90EDF1A-8048-4D97-9E3D-1F1C185D9476}.Debug|ARM.Build.0 = Debug|Any CPU
		{E90EDF1A-8048-4D97-9E3D-1F1C185D9476}.Debug|iPhone.ActiveCfg = Debug|Any CPU
		{E90EDF1A-8048-4D97-9E3D-1F1C185D9476}.Debug|iPhone.Build.0 = Debug|Any CPU
		{E90EDF1A-8048-4D97-9E3D-1F1C185D9476}.Debug|iPhoneSimulator.ActiveCfg = Debug|Any CPU
		{E90EDF1A-8048-4D97-9E3D-1F1C185D9476}.Debug|iPhoneSimulator.Build.0 = Debug|Any CPU
		{E90EDF1A-8048-4D97-9E3D-1F1C185D9476}.Debug|x64.ActiveCfg = Debug|Any CPU
		{E90EDF1A-8048-4D97-9E3D-1F1C185D9476}.Debug|x64.Build.0 = Debug|Any CPU
		{E90EDF1A-8048-4D97-9E3D-1F1C185D9476}.Debug|x86.ActiveCfg = Debug|Any CPU
		{E90EDF1A-8048-4D97-9E3D-1F1C185D9476}.Debug|x86.Build.0 = Debug|Any CPU
		{E90EDF1A-8048-4D97-9E3D-1F1C185D9476}.Release|Any CPU.ActiveCfg = Release|Any CPU
		{E90EDF1A-8048-4D97-9E3D-1F1C185D9476}.Release|Any CPU.Build.0 = Release|Any CPU
		{E90EDF1A-8048-4D97-9E3D-1F1C185D9476}.Release|ARM.ActiveCfg = Release|Any CPU
		{E90EDF1A-8048-4D97-9E3D-1F1C185D9476}.Release|ARM.Build.0 = Release|Any CPU
		{E90EDF1A-8048-4D97-9E3D-1F1C185D9476}.Release|iPhone.ActiveCfg = Release|Any CPU
		{E90EDF1A-8048-4D97-9E3D-1F1C185D9476}.Release|iPhone.Build.0 = Release|Any CPU
		{E90EDF1A-8048-4D97-9E3D-1F1C185D9476}.Release|iPhoneSimulator.ActiveCfg = Release|Any CPU
		{E90EDF1A-8048-4D97-9E3D-1F1C185D9476}.Release|iPhoneSimulator.Build.0 = Release|Any CPU
		{E90EDF1A-8048-4D97-9E3D-1F1C185D9476}.Release|x64.ActiveCfg = Release|Any CPU
		{E90EDF1A-8048-4D97-9E3D-1F1C185D9476}.Release|x64.Build.0 = Release|Any CPU
		{E90EDF1A-8048-4D97-9E3D-1F1C185D9476}.Release|x86.ActiveCfg = Release|Any CPU
		{E90EDF1A-8048-4D97-9E3D-1F1C185D9476}.Release|x86.Build.0 = Release|Any CPU
		{3D2D7C16-B188-414A-8BA8-637D63E1F0A8}.Ad-Hoc|Any CPU.ActiveCfg = Release|Any CPU
		{3D2D7C16-B188-414A-8BA8-637D63E1F0A8}.Ad-Hoc|Any CPU.Build.0 = Release|Any CPU
		{3D2D7C16-B188-414A-8BA8-637D63E1F0A8}.Ad-Hoc|ARM.ActiveCfg = Release|Any CPU
		{3D2D7C16-B188-414A-8BA8-637D63E1F0A8}.Ad-Hoc|ARM.Build.0 = Release|Any CPU
		{3D2D7C16-B188-414A-8BA8-637D63E1F0A8}.Ad-Hoc|iPhone.ActiveCfg = Release|Any CPU
		{3D2D7C16-B188-414A-8BA8-637D63E1F0A8}.Ad-Hoc|iPhone.Build.0 = Release|Any CPU
		{3D2D7C16-B188-414A-8BA8-637D63E1F0A8}.Ad-Hoc|iPhoneSimulator.ActiveCfg = Release|Any CPU
		{3D2D7C16-B188-414A-8BA8-637D63E1F0A8}.Ad-Hoc|iPhoneSimulator.Build.0 = Release|Any CPU
		{3D2D7C16-B188-414A-8BA8-637D63E1F0A8}.Ad-Hoc|x64.ActiveCfg = Release|Any CPU
		{3D2D7C16-B188-414A-8BA8-637D63E1F0A8}.Ad-Hoc|x64.Build.0 = Release|Any CPU
		{3D2D7C16-B188-414A-8BA8-637D63E1F0A8}.Ad-Hoc|x86.ActiveCfg = Release|Any CPU
		{3D2D7C16-B188-414A-8BA8-637D63E1F0A8}.Ad-Hoc|x86.Build.0 = Release|Any CPU
		{3D2D7C16-B188-414A-8BA8-637D63E1F0A8}.AppStore|Any CPU.ActiveCfg = Release|Any CPU
		{3D2D7C16-B188-414A-8BA8-637D63E1F0A8}.AppStore|Any CPU.Build.0 = Release|Any CPU
		{3D2D7C16-B188-414A-8BA8-637D63E1F0A8}.AppStore|ARM.ActiveCfg = Release|Any CPU
		{3D2D7C16-B188-414A-8BA8-637D63E1F0A8}.AppStore|ARM.Build.0 = Release|Any CPU
		{3D2D7C16-B188-414A-8BA8-637D63E1F0A8}.AppStore|iPhone.ActiveCfg = Release|Any CPU
		{3D2D7C16-B188-414A-8BA8-637D63E1F0A8}.AppStore|iPhone.Build.0 = Release|Any CPU
		{3D2D7C16-B188-414A-8BA8-637D63E1F0A8}.AppStore|iPhoneSimulator.ActiveCfg = Release|Any CPU
		{3D2D7C16-B188-414A-8BA8-637D63E1F0A8}.AppStore|iPhoneSimulator.Build.0 = Release|Any CPU
		{3D2D7C16-B188-414A-8BA8-637D63E1F0A8}.AppStore|x64.ActiveCfg = Release|Any CPU
		{3D2D7C16-B188-414A-8BA8-637D63E1F0A8}.AppStore|x64.Build.0 = Release|Any CPU
		{3D2D7C16-B188-414A-8BA8-637D63E1F0A8}.AppStore|x86.ActiveCfg = Release|Any CPU
		{3D2D7C16-B188-414A-8BA8-637D63E1F0A8}.AppStore|x86.Build.0 = Release|Any CPU
		{3D2D7C16-B188-414A-8BA8-637D63E1F0A8}.Debug|Any CPU.ActiveCfg = Debug|Any CPU
		{3D2D7C16-B188-414A-8BA8-637D63E1F0A8}.Debug|Any CPU.Build.0 = Debug|Any CPU
		{3D2D7C16-B188-414A-8BA8-637D63E1F0A8}.Debug|ARM.ActiveCfg = Debug|Any CPU
		{3D2D7C16-B188-414A-8BA8-637D63E1F0A8}.Debug|ARM.Build.0 = Debug|Any CPU
		{3D2D7C16-B188-414A-8BA8-637D63E1F0A8}.Debug|iPhone.ActiveCfg = Debug|Any CPU
		{3D2D7C16-B188-414A-8BA8-637D63E1F0A8}.Debug|iPhone.Build.0 = Debug|Any CPU
		{3D2D7C16-B188-414A-8BA8-637D63E1F0A8}.Debug|iPhoneSimulator.ActiveCfg = Debug|Any CPU
		{3D2D7C16-B188-414A-8BA8-637D63E1F0A8}.Debug|iPhoneSimulator.Build.0 = Debug|Any CPU
		{3D2D7C16-B188-414A-8BA8-637D63E1F0A8}.Debug|x64.ActiveCfg = Debug|Any CPU
		{3D2D7C16-B188-414A-8BA8-637D63E1F0A8}.Debug|x64.Build.0 = Debug|Any CPU
		{3D2D7C16-B188-414A-8BA8-637D63E1F0A8}.Debug|x86.ActiveCfg = Debug|Any CPU
		{3D2D7C16-B188-414A-8BA8-637D63E1F0A8}.Debug|x86.Build.0 = Debug|Any CPU
		{3D2D7C16-B188-414A-8BA8-637D63E1F0A8}.Release|Any CPU.ActiveCfg = Release|Any CPU
		{3D2D7C16-B188-414A-8BA8-637D63E1F0A8}.Release|Any CPU.Build.0 = Release|Any CPU
		{3D2D7C16-B188-414A-8BA8-637D63E1F0A8}.Release|ARM.ActiveCfg = Release|Any CPU
		{3D2D7C16-B188-414A-8BA8-637D63E1F0A8}.Release|ARM.Build.0 = Release|Any CPU
		{3D2D7C16-B188-414A-8BA8-637D63E1F0A8}.Release|iPhone.ActiveCfg = Release|Any CPU
		{3D2D7C16-B188-414A-8BA8-637D63E1F0A8}.Release|iPhone.Build.0 = Release|Any CPU
		{3D2D7C16-B188-414A-8BA8-637D63E1F0A8}.Release|iPhoneSimulator.ActiveCfg = Release|Any CPU
		{3D2D7C16-B188-414A-8BA8-637D63E1F0A8}.Release|iPhoneSimulator.Build.0 = Release|Any CPU
		{3D2D7C16-B188-414A-8BA8-637D63E1F0A8}.Release|x64.ActiveCfg = Release|Any CPU
		{3D2D7C16-B188-414A-8BA8-637D63E1F0A8}.Release|x64.Build.0 = Release|Any CPU
		{3D2D7C16-B188-414A-8BA8-637D63E1F0A8}.Release|x86.ActiveCfg = Release|Any CPU
		{3D2D7C16-B188-414A-8BA8-637D63E1F0A8}.Release|x86.Build.0 = Release|Any CPU
		{97F120C8-F064-4450-9CE3-6E3EE8262BD8}.Ad-Hoc|Any CPU.ActiveCfg = Release|x64
		{97F120C8-F064-4450-9CE3-6E3EE8262BD8}.Ad-Hoc|Any CPU.Build.0 = Release|x64
		{97F120C8-F064-4450-9CE3-6E3EE8262BD8}.Ad-Hoc|Any CPU.Deploy.0 = Release|x64
		{97F120C8-F064-4450-9CE3-6E3EE8262BD8}.Ad-Hoc|ARM.ActiveCfg = Release|ARM
		{97F120C8-F064-4450-9CE3-6E3EE8262BD8}.Ad-Hoc|ARM.Build.0 = Release|ARM
		{97F120C8-F064-4450-9CE3-6E3EE8262BD8}.Ad-Hoc|ARM.Deploy.0 = Release|ARM
		{97F120C8-F064-4450-9CE3-6E3EE8262BD8}.Ad-Hoc|iPhone.ActiveCfg = Release|x64
		{97F120C8-F064-4450-9CE3-6E3EE8262BD8}.Ad-Hoc|iPhone.Build.0 = Release|x64
		{97F120C8-F064-4450-9CE3-6E3EE8262BD8}.Ad-Hoc|iPhone.Deploy.0 = Release|x64
		{97F120C8-F064-4450-9CE3-6E3EE8262BD8}.Ad-Hoc|iPhoneSimulator.ActiveCfg = Release|x64
		{97F120C8-F064-4450-9CE3-6E3EE8262BD8}.Ad-Hoc|iPhoneSimulator.Build.0 = Release|x64
		{97F120C8-F064-4450-9CE3-6E3EE8262BD8}.Ad-Hoc|iPhoneSimulator.Deploy.0 = Release|x64
		{97F120C8-F064-4450-9CE3-6E3EE8262BD8}.Ad-Hoc|x64.ActiveCfg = Release|x64
		{97F120C8-F064-4450-9CE3-6E3EE8262BD8}.Ad-Hoc|x64.Build.0 = Release|x64
		{97F120C8-F064-4450-9CE3-6E3EE8262BD8}.Ad-Hoc|x64.Deploy.0 = Release|x64
		{97F120C8-F064-4450-9CE3-6E3EE8262BD8}.Ad-Hoc|x86.ActiveCfg = Release|x86
		{97F120C8-F064-4450-9CE3-6E3EE8262BD8}.Ad-Hoc|x86.Build.0 = Release|x86
		{97F120C8-F064-4450-9CE3-6E3EE8262BD8}.Ad-Hoc|x86.Deploy.0 = Release|x86
		{97F120C8-F064-4450-9CE3-6E3EE8262BD8}.AppStore|Any CPU.ActiveCfg = Release|x64
		{97F120C8-F064-4450-9CE3-6E3EE8262BD8}.AppStore|Any CPU.Build.0 = Release|x64
		{97F120C8-F064-4450-9CE3-6E3EE8262BD8}.AppStore|Any CPU.Deploy.0 = Release|x64
		{97F120C8-F064-4450-9CE3-6E3EE8262BD8}.AppStore|ARM.ActiveCfg = Release|ARM
		{97F120C8-F064-4450-9CE3-6E3EE8262BD8}.AppStore|ARM.Build.0 = Release|ARM
		{97F120C8-F064-4450-9CE3-6E3EE8262BD8}.AppStore|ARM.Deploy.0 = Release|ARM
		{97F120C8-F064-4450-9CE3-6E3EE8262BD8}.AppStore|iPhone.ActiveCfg = Release|x64
		{97F120C8-F064-4450-9CE3-6E3EE8262BD8}.AppStore|iPhone.Build.0 = Release|x64
		{97F120C8-F064-4450-9CE3-6E3EE8262BD8}.AppStore|iPhone.Deploy.0 = Release|x64
		{97F120C8-F064-4450-9CE3-6E3EE8262BD8}.AppStore|iPhoneSimulator.ActiveCfg = Release|x64
		{97F120C8-F064-4450-9CE3-6E3EE8262BD8}.AppStore|iPhoneSimulator.Build.0 = Release|x64
		{97F120C8-F064-4450-9CE3-6E3EE8262BD8}.AppStore|iPhoneSimulator.Deploy.0 = Release|x64
		{97F120C8-F064-4450-9CE3-6E3EE8262BD8}.AppStore|x64.ActiveCfg = Release|x64
		{97F120C8-F064-4450-9CE3-6E3EE8262BD8}.AppStore|x64.Build.0 = Release|x64
		{97F120C8-F064-4450-9CE3-6E3EE8262BD8}.AppStore|x64.Deploy.0 = Release|x64
		{97F120C8-F064-4450-9CE3-6E3EE8262BD8}.AppStore|x86.ActiveCfg = Release|x86
		{97F120C8-F064-4450-9CE3-6E3EE8262BD8}.AppStore|x86.Build.0 = Release|x86
		{97F120C8-F064-4450-9CE3-6E3EE8262BD8}.AppStore|x86.Deploy.0 = Release|x86
		{97F120C8-F064-4450-9CE3-6E3EE8262BD8}.Debug|Any CPU.ActiveCfg = Debug|x86
		{97F120C8-F064-4450-9CE3-6E3EE8262BD8}.Debug|ARM.ActiveCfg = Debug|ARM
		{97F120C8-F064-4450-9CE3-6E3EE8262BD8}.Debug|ARM.Build.0 = Debug|ARM
		{97F120C8-F064-4450-9CE3-6E3EE8262BD8}.Debug|ARM.Deploy.0 = Debug|ARM
		{97F120C8-F064-4450-9CE3-6E3EE8262BD8}.Debug|iPhone.ActiveCfg = Debug|x86
		{97F120C8-F064-4450-9CE3-6E3EE8262BD8}.Debug|iPhoneSimulator.ActiveCfg = Debug|x86
		{97F120C8-F064-4450-9CE3-6E3EE8262BD8}.Debug|x64.ActiveCfg = Debug|x64
		{97F120C8-F064-4450-9CE3-6E3EE8262BD8}.Debug|x64.Build.0 = Debug|x64
		{97F120C8-F064-4450-9CE3-6E3EE8262BD8}.Debug|x64.Deploy.0 = Debug|x64
		{97F120C8-F064-4450-9CE3-6E3EE8262BD8}.Debug|x86.ActiveCfg = Debug|x86
		{97F120C8-F064-4450-9CE3-6E3EE8262BD8}.Debug|x86.Build.0 = Debug|x86
		{97F120C8-F064-4450-9CE3-6E3EE8262BD8}.Debug|x86.Deploy.0 = Debug|x86
		{97F120C8-F064-4450-9CE3-6E3EE8262BD8}.Release|Any CPU.ActiveCfg = Release|x86
		{97F120C8-F064-4450-9CE3-6E3EE8262BD8}.Release|ARM.ActiveCfg = Release|ARM
		{97F120C8-F064-4450-9CE3-6E3EE8262BD8}.Release|ARM.Build.0 = Release|ARM
		{97F120C8-F064-4450-9CE3-6E3EE8262BD8}.Release|ARM.Deploy.0 = Release|ARM
		{97F120C8-F064-4450-9CE3-6E3EE8262BD8}.Release|iPhone.ActiveCfg = Release|x86
		{97F120C8-F064-4450-9CE3-6E3EE8262BD8}.Release|iPhoneSimulator.ActiveCfg = Release|x86
		{97F120C8-F064-4450-9CE3-6E3EE8262BD8}.Release|x64.ActiveCfg = Release|x64
		{97F120C8-F064-4450-9CE3-6E3EE8262BD8}.Release|x64.Build.0 = Release|x64
		{97F120C8-F064-4450-9CE3-6E3EE8262BD8}.Release|x64.Deploy.0 = Release|x64
		{97F120C8-F064-4450-9CE3-6E3EE8262BD8}.Release|x86.ActiveCfg = Release|x86
		{97F120C8-F064-4450-9CE3-6E3EE8262BD8}.Release|x86.Build.0 = Release|x86
		{97F120C8-F064-4450-9CE3-6E3EE8262BD8}.Release|x86.Deploy.0 = Release|x86
	EndGlobalSection
	GlobalSection(SolutionProperties) = preSolution
		HideSolutionNode = FALSE
	EndGlobalSection
	GlobalSection(ExtensibilityGlobals) = postSolution
		SolutionGuid = {F6D05029-56B8-4E45-AF2D-0E76295DDBA2}
	EndGlobalSection
EndGlobal
