Microsoft Visual Studio Solution File, Format Version 12.00
# Visual Studio 15
VisualStudioVersion = 15.0.28010.2046
MinimumVisualStudioVersion = 10.0.40219.1
Project("{f2a71f9b-5d33-465a-a702-920d77279786}") = "SuperClip.Mac", "SuperClip.Mac\SuperClip.Mac.fsproj", "{D056F368-E045-4738-BB64-E957B193E594}"
EndProject
Project("{f2a71f9b-5d33-465a-a702-920d77279786}") = "SuperClip.Forms", "SuperClip.Forms\SuperClip.Forms.fsproj", "{AFE5F2CF-DF19-46CA-A19B-EAE158C9FA66}"
EndProject
Project("{f2a71f9b-5d33-465a-a702-920d77279786}") = "SuperClip.macOS", "SuperClip.macOS\SuperClip.macOS.fsproj", "{E90EDF1A-8048-4D97-9E3D-1F1C185D9476}"
EndProject
Project("{f2a71f9b-5d33-465a-a702-920d77279786}") = "SuperClip.Wpf", "SuperClip.Wpf\SuperClip.Wpf.fsproj", "{3DAA5B6D-4A11-4677-A49D-1ED7FEBFF663}"
EndProject
Project("{f2a71f9b-5d33-465a-a702-920d77279786}") = "SuperClip.Core", "SuperClip.Core\SuperClip.Core.fsproj", "{363A252D-9D4C-4607-98A7-D11F1A460EA2}"
EndProject
Project("{f2a71f9b-5d33-465a-a702-920d77279786}") = "SuperClip.App", "SuperClip.App\SuperClip.App.fsproj", "{592A1D39-841F-4E03-A199-D2C2DFCD9F7A}"
EndProject
Project("{f2a71f9b-5d33-465a-a702-920d77279786}") = "SuperClip.Gui", "SuperClip.Gui\SuperClip.Gui.fsproj", "{A2B4F517-50CD-46EF-9CFD-7DD01C7C6D5F}"
EndProject
Project("{f2a71f9b-5d33-465a-a702-920d77279786}") = "SuperClip.Eto", "SuperClip.Eto\SuperClip.Eto.fsproj", "{C18689F2-614C-4FA6-A57C-531770650B4E}"
EndProject
Project("{f2a71f9b-5d33-465a-a702-920d77279786}") = "SuperClip.iOS", "SuperClip.iOS\SuperClip.iOS.fsproj", "{C6ADA296-625F-42B0-AC86-A11042A742DE}"
EndProject
Project("{f2a71f9b-5d33-465a-a702-920d77279786}") = "SuperClip.Droid", "SuperClip.Droid\SuperClip.Droid.fsproj", "{751F1582-12DB-4BB7-ADBA-F38F15A74B75}"
EndProject
Global
	GlobalSection(SolutionConfigurationPlatforms) = preSolution
		Debug|Any CPU = Debug|Any CPU
		Debug|x86 = Debug|x86
		Release|Any CPU = Release|Any CPU
		Release|x86 = Release|x86
		Debug|iPhoneSimulator = Debug|iPhoneSimulator
		Release|iPhoneSimulator = Release|iPhoneSimulator
		Debug|iPhone = Debug|iPhone
		Release|iPhone = Release|iPhone
		Ad-Hoc|iPhone = Ad-Hoc|iPhone
		AppStore|iPhone = AppStore|iPhone
	EndGlobalSection
	GlobalSection(ProjectConfigurationPlatforms) = postSolution
		{D056F368-E045-4738-BB64-E957B193E594}.Debug|Any CPU.ActiveCfg = Debug|x86
		{D056F368-E045-4738-BB64-E957B193E594}.Debug|x86.ActiveCfg = Debug|x86
		{D056F368-E045-4738-BB64-E957B193E594}.Debug|x86.Build.0 = Debug|x86
		{D056F368-E045-4738-BB64-E957B193E594}.Release|Any CPU.ActiveCfg = Release|x86
		{D056F368-E045-4738-BB64-E957B193E594}.Release|x86.ActiveCfg = Release|x86
		{D056F368-E045-4738-BB64-E957B193E594}.Release|x86.Build.0 = Release|x86
		{D056F368-E045-4738-BB64-E957B193E594}.Debug|iPhoneSimulator.ActiveCfg = Debug|x86
		{D056F368-E045-4738-BB64-E957B193E594}.Debug|iPhoneSimulator.Build.0 = Debug|x86
		{D056F368-E045-4738-BB64-E957B193E594}.Release|iPhoneSimulator.ActiveCfg = Release|x86
		{D056F368-E045-4738-BB64-E957B193E594}.Release|iPhoneSimulator.Build.0 = Release|x86
		{D056F368-E045-4738-BB64-E957B193E594}.Debug|iPhone.ActiveCfg = Debug|x86
		{D056F368-E045-4738-BB64-E957B193E594}.Debug|iPhone.Build.0 = Debug|x86
		{D056F368-E045-4738-BB64-E957B193E594}.Release|iPhone.ActiveCfg = Release|x86
		{D056F368-E045-4738-BB64-E957B193E594}.Release|iPhone.Build.0 = Release|x86
		{D056F368-E045-4738-BB64-E957B193E594}.Ad-Hoc|iPhone.ActiveCfg = Debug|x86
		{D056F368-E045-4738-BB64-E957B193E594}.Ad-Hoc|iPhone.Build.0 = Debug|x86
		{D056F368-E045-4738-BB64-E957B193E594}.AppStore|iPhone.ActiveCfg = Debug|x86
		{D056F368-E045-4738-BB64-E957B193E594}.AppStore|iPhone.Build.0 = Debug|x86
		{AFE5F2CF-DF19-46CA-A19B-EAE158C9FA66}.Debug|Any CPU.ActiveCfg = Debug|Any CPU
		{AFE5F2CF-DF19-46CA-A19B-EAE158C9FA66}.Debug|Any CPU.Build.0 = Debug|Any CPU
		{AFE5F2CF-DF19-46CA-A19B-EAE158C9FA66}.Debug|x86.ActiveCfg = Debug|Any CPU
		{AFE5F2CF-DF19-46CA-A19B-EAE158C9FA66}.Debug|x86.Build.0 = Debug|Any CPU
		{AFE5F2CF-DF19-46CA-A19B-EAE158C9FA66}.Release|Any CPU.ActiveCfg = Release|Any CPU
		{AFE5F2CF-DF19-46CA-A19B-EAE158C9FA66}.Release|Any CPU.Build.0 = Release|Any CPU
		{AFE5F2CF-DF19-46CA-A19B-EAE158C9FA66}.Release|x86.ActiveCfg = Release|Any CPU
		{AFE5F2CF-DF19-46CA-A19B-EAE158C9FA66}.Release|x86.Build.0 = Release|Any CPU
		{AFE5F2CF-DF19-46CA-A19B-EAE158C9FA66}.Debug|iPhoneSimulator.ActiveCfg = Debug|Any CPU
		{AFE5F2CF-DF19-46CA-A19B-EAE158C9FA66}.Debug|iPhoneSimulator.Build.0 = Debug|Any CPU
		{AFE5F2CF-DF19-46CA-A19B-EAE158C9FA66}.Release|iPhoneSimulator.ActiveCfg = Release|Any CPU
		{AFE5F2CF-DF19-46CA-A19B-EAE158C9FA66}.Release|iPhoneSimulator.Build.0 = Release|Any CPU
		{AFE5F2CF-DF19-46CA-A19B-EAE158C9FA66}.Debug|iPhone.ActiveCfg = Debug|Any CPU
		{AFE5F2CF-DF19-46CA-A19B-EAE158C9FA66}.Debug|iPhone.Build.0 = Debug|Any CPU
		{AFE5F2CF-DF19-46CA-A19B-EAE158C9FA66}.Release|iPhone.ActiveCfg = Release|Any CPU
		{AFE5F2CF-DF19-46CA-A19B-EAE158C9FA66}.Release|iPhone.Build.0 = Release|Any CPU
		{AFE5F2CF-DF19-46CA-A19B-EAE158C9FA66}.Ad-Hoc|iPhone.ActiveCfg = Debug|Any CPU
		{AFE5F2CF-DF19-46CA-A19B-EAE158C9FA66}.Ad-Hoc|iPhone.Build.0 = Debug|Any CPU
		{AFE5F2CF-DF19-46CA-A19B-EAE158C9FA66}.AppStore|iPhone.ActiveCfg = Debug|Any CPU
		{AFE5F2CF-DF19-46CA-A19B-EAE158C9FA66}.AppStore|iPhone.Build.0 = Debug|Any CPU
		{E90EDF1A-8048-4D97-9E3D-1F1C185D9476}.Debug|Any CPU.ActiveCfg = Debug|Any CPU
		{E90EDF1A-8048-4D97-9E3D-1F1C185D9476}.Debug|x86.ActiveCfg = Debug|Any CPU
		{E90EDF1A-8048-4D97-9E3D-1F1C185D9476}.Debug|x86.Build.0 = Debug|Any CPU
		{E90EDF1A-8048-4D97-9E3D-1F1C185D9476}.Release|Any CPU.ActiveCfg = Release|Any CPU
		{E90EDF1A-8048-4D97-9E3D-1F1C185D9476}.Release|x86.ActiveCfg = Release|Any CPU
		{E90EDF1A-8048-4D97-9E3D-1F1C185D9476}.Release|x86.Build.0 = Release|Any CPU
		{E90EDF1A-8048-4D97-9E3D-1F1C185D9476}.Debug|iPhoneSimulator.ActiveCfg = Debug|Any CPU
		{E90EDF1A-8048-4D97-9E3D-1F1C185D9476}.Debug|iPhoneSimulator.Build.0 = Debug|Any CPU
		{E90EDF1A-8048-4D97-9E3D-1F1C185D9476}.Release|iPhoneSimulator.ActiveCfg = Release|Any CPU
		{E90EDF1A-8048-4D97-9E3D-1F1C185D9476}.Release|iPhoneSimulator.Build.0 = Release|Any CPU
		{E90EDF1A-8048-4D97-9E3D-1F1C185D9476}.Debug|iPhone.ActiveCfg = Debug|Any CPU
		{E90EDF1A-8048-4D97-9E3D-1F1C185D9476}.Debug|iPhone.Build.0 = Debug|Any CPU
		{E90EDF1A-8048-4D97-9E3D-1F1C185D9476}.Release|iPhone.ActiveCfg = Release|Any CPU
		{E90EDF1A-8048-4D97-9E3D-1F1C185D9476}.Release|iPhone.Build.0 = Release|Any CPU
		{E90EDF1A-8048-4D97-9E3D-1F1C185D9476}.Ad-Hoc|iPhone.ActiveCfg = Debug|Any CPU
		{E90EDF1A-8048-4D97-9E3D-1F1C185D9476}.Ad-Hoc|iPhone.Build.0 = Debug|Any CPU
		{E90EDF1A-8048-4D97-9E3D-1F1C185D9476}.AppStore|iPhone.ActiveCfg = Debug|Any CPU
		{E90EDF1A-8048-4D97-9E3D-1F1C185D9476}.AppStore|iPhone.Build.0 = Debug|Any CPU
		{3DAA5B6D-4A11-4677-A49D-1ED7FEBFF663}.Debug|Any CPU.ActiveCfg = Debug|Any CPU
		{3DAA5B6D-4A11-4677-A49D-1ED7FEBFF663}.Debug|Any CPU.Build.0 = Debug|Any CPU
		{3DAA5B6D-4A11-4677-A49D-1ED7FEBFF663}.Debug|x86.ActiveCfg = Debug|Any CPU
		{3DAA5B6D-4A11-4677-A49D-1ED7FEBFF663}.Debug|x86.Build.0 = Debug|Any CPU
		{3DAA5B6D-4A11-4677-A49D-1ED7FEBFF663}.Release|Any CPU.ActiveCfg = Release|Any CPU
		{3DAA5B6D-4A11-4677-A49D-1ED7FEBFF663}.Release|Any CPU.Build.0 = Release|Any CPU
		{3DAA5B6D-4A11-4677-A49D-1ED7FEBFF663}.Release|x86.ActiveCfg = Release|Any CPU
		{3DAA5B6D-4A11-4677-A49D-1ED7FEBFF663}.Release|x86.Build.0 = Release|Any CPU
		{3DAA5B6D-4A11-4677-A49D-1ED7FEBFF663}.Debug|iPhoneSimulator.ActiveCfg = Debug|Any CPU
		{3DAA5B6D-4A11-4677-A49D-1ED7FEBFF663}.Debug|iPhoneSimulator.Build.0 = Debug|Any CPU
		{3DAA5B6D-4A11-4677-A49D-1ED7FEBFF663}.Release|iPhoneSimulator.ActiveCfg = Release|Any CPU
		{3DAA5B6D-4A11-4677-A49D-1ED7FEBFF663}.Release|iPhoneSimulator.Build.0 = Release|Any CPU
		{3DAA5B6D-4A11-4677-A49D-1ED7FEBFF663}.Debug|iPhone.ActiveCfg = Debug|Any CPU
		{3DAA5B6D-4A11-4677-A49D-1ED7FEBFF663}.Debug|iPhone.Build.0 = Debug|Any CPU
		{3DAA5B6D-4A11-4677-A49D-1ED7FEBFF663}.Release|iPhone.ActiveCfg = Release|Any CPU
		{3DAA5B6D-4A11-4677-A49D-1ED7FEBFF663}.Release|iPhone.Build.0 = Release|Any CPU
		{3DAA5B6D-4A11-4677-A49D-1ED7FEBFF663}.Ad-Hoc|iPhone.ActiveCfg = Debug|Any CPU
		{3DAA5B6D-4A11-4677-A49D-1ED7FEBFF663}.Ad-Hoc|iPhone.Build.0 = Debug|Any CPU
		{3DAA5B6D-4A11-4677-A49D-1ED7FEBFF663}.AppStore|iPhone.ActiveCfg = Debug|Any CPU
		{3DAA5B6D-4A11-4677-A49D-1ED7FEBFF663}.AppStore|iPhone.Build.0 = Debug|Any CPU
		{363A252D-9D4C-4607-98A7-D11F1A460EA2}.Debug|Any CPU.ActiveCfg = Debug|Any CPU
		{363A252D-9D4C-4607-98A7-D11F1A460EA2}.Debug|Any CPU.Build.0 = Debug|Any CPU
		{363A252D-9D4C-4607-98A7-D11F1A460EA2}.Debug|x86.ActiveCfg = Debug|Any CPU
		{363A252D-9D4C-4607-98A7-D11F1A460EA2}.Debug|x86.Build.0 = Debug|Any CPU
		{363A252D-9D4C-4607-98A7-D11F1A460EA2}.Release|Any CPU.ActiveCfg = Release|Any CPU
		{363A252D-9D4C-4607-98A7-D11F1A460EA2}.Release|Any CPU.Build.0 = Release|Any CPU
		{363A252D-9D4C-4607-98A7-D11F1A460EA2}.Release|x86.ActiveCfg = Release|Any CPU
		{363A252D-9D4C-4607-98A7-D11F1A460EA2}.Release|x86.Build.0 = Release|Any CPU
		{363A252D-9D4C-4607-98A7-D11F1A460EA2}.Debug|iPhoneSimulator.ActiveCfg = Debug|Any CPU
		{363A252D-9D4C-4607-98A7-D11F1A460EA2}.Debug|iPhoneSimulator.Build.0 = Debug|Any CPU
		{363A252D-9D4C-4607-98A7-D11F1A460EA2}.Release|iPhoneSimulator.ActiveCfg = Release|Any CPU
		{363A252D-9D4C-4607-98A7-D11F1A460EA2}.Release|iPhoneSimulator.Build.0 = Release|Any CPU
		{363A252D-9D4C-4607-98A7-D11F1A460EA2}.Debug|iPhone.ActiveCfg = Debug|Any CPU
		{363A252D-9D4C-4607-98A7-D11F1A460EA2}.Debug|iPhone.Build.0 = Debug|Any CPU
		{363A252D-9D4C-4607-98A7-D11F1A460EA2}.Release|iPhone.ActiveCfg = Release|Any CPU
		{363A252D-9D4C-4607-98A7-D11F1A460EA2}.Release|iPhone.Build.0 = Release|Any CPU
		{363A252D-9D4C-4607-98A7-D11F1A460EA2}.Ad-Hoc|iPhone.ActiveCfg = Debug|Any CPU
		{363A252D-9D4C-4607-98A7-D11F1A460EA2}.Ad-Hoc|iPhone.Build.0 = Debug|Any CPU
		{363A252D-9D4C-4607-98A7-D11F1A460EA2}.AppStore|iPhone.ActiveCfg = Debug|Any CPU
		{363A252D-9D4C-4607-98A7-D11F1A460EA2}.AppStore|iPhone.Build.0 = Debug|Any CPU
		{592A1D39-841F-4E03-A199-D2C2DFCD9F7A}.Debug|Any CPU.ActiveCfg = Debug|Any CPU
		{592A1D39-841F-4E03-A199-D2C2DFCD9F7A}.Debug|Any CPU.Build.0 = Debug|Any CPU
		{592A1D39-841F-4E03-A199-D2C2DFCD9F7A}.Debug|x86.ActiveCfg = Debug|Any CPU
		{592A1D39-841F-4E03-A199-D2C2DFCD9F7A}.Debug|x86.Build.0 = Debug|Any CPU
		{592A1D39-841F-4E03-A199-D2C2DFCD9F7A}.Release|Any CPU.ActiveCfg = Release|Any CPU
		{592A1D39-841F-4E03-A199-D2C2DFCD9F7A}.Release|Any CPU.Build.0 = Release|Any CPU
		{592A1D39-841F-4E03-A199-D2C2DFCD9F7A}.Release|x86.ActiveCfg = Release|Any CPU
		{592A1D39-841F-4E03-A199-D2C2DFCD9F7A}.Release|x86.Build.0 = Release|Any CPU
		{592A1D39-841F-4E03-A199-D2C2DFCD9F7A}.Debug|iPhoneSimulator.ActiveCfg = Debug|Any CPU
		{592A1D39-841F-4E03-A199-D2C2DFCD9F7A}.Debug|iPhoneSimulator.Build.0 = Debug|Any CPU
		{592A1D39-841F-4E03-A199-D2C2DFCD9F7A}.Release|iPhoneSimulator.ActiveCfg = Release|Any CPU
		{592A1D39-841F-4E03-A199-D2C2DFCD9F7A}.Release|iPhoneSimulator.Build.0 = Release|Any CPU
		{592A1D39-841F-4E03-A199-D2C2DFCD9F7A}.Debug|iPhone.ActiveCfg = Debug|Any CPU
		{592A1D39-841F-4E03-A199-D2C2DFCD9F7A}.Debug|iPhone.Build.0 = Debug|Any CPU
		{592A1D39-841F-4E03-A199-D2C2DFCD9F7A}.Release|iPhone.ActiveCfg = Release|Any CPU
		{592A1D39-841F-4E03-A199-D2C2DFCD9F7A}.Release|iPhone.Build.0 = Release|Any CPU
		{592A1D39-841F-4E03-A199-D2C2DFCD9F7A}.Ad-Hoc|iPhone.ActiveCfg = Debug|Any CPU
		{592A1D39-841F-4E03-A199-D2C2DFCD9F7A}.Ad-Hoc|iPhone.Build.0 = Debug|Any CPU
		{592A1D39-841F-4E03-A199-D2C2DFCD9F7A}.AppStore|iPhone.ActiveCfg = Debug|Any CPU
		{592A1D39-841F-4E03-A199-D2C2DFCD9F7A}.AppStore|iPhone.Build.0 = Debug|Any CPU
		{A2B4F517-50CD-46EF-9CFD-7DD01C7C6D5F}.Debug|Any CPU.ActiveCfg = Debug|Any CPU
		{A2B4F517-50CD-46EF-9CFD-7DD01C7C6D5F}.Debug|Any CPU.Build.0 = Debug|Any CPU
		{A2B4F517-50CD-46EF-9CFD-7DD01C7C6D5F}.Debug|x86.ActiveCfg = Debug|Any CPU
		{A2B4F517-50CD-46EF-9CFD-7DD01C7C6D5F}.Debug|x86.Build.0 = Debug|Any CPU
		{A2B4F517-50CD-46EF-9CFD-7DD01C7C6D5F}.Release|Any CPU.ActiveCfg = Release|Any CPU
		{A2B4F517-50CD-46EF-9CFD-7DD01C7C6D5F}.Release|Any CPU.Build.0 = Release|Any CPU
		{A2B4F517-50CD-46EF-9CFD-7DD01C7C6D5F}.Release|x86.ActiveCfg = Release|Any CPU
		{A2B4F517-50CD-46EF-9CFD-7DD01C7C6D5F}.Release|x86.Build.0 = Release|Any CPU
		{A2B4F517-50CD-46EF-9CFD-7DD01C7C6D5F}.Debug|iPhoneSimulator.ActiveCfg = Debug|Any CPU
		{A2B4F517-50CD-46EF-9CFD-7DD01C7C6D5F}.Debug|iPhoneSimulator.Build.0 = Debug|Any CPU
		{A2B4F517-50CD-46EF-9CFD-7DD01C7C6D5F}.Release|iPhoneSimulator.ActiveCfg = Release|Any CPU
		{A2B4F517-50CD-46EF-9CFD-7DD01C7C6D5F}.Release|iPhoneSimulator.Build.0 = Release|Any CPU
		{A2B4F517-50CD-46EF-9CFD-7DD01C7C6D5F}.Debug|iPhone.ActiveCfg = Debug|Any CPU
		{A2B4F517-50CD-46EF-9CFD-7DD01C7C6D5F}.Debug|iPhone.Build.0 = Debug|Any CPU
		{A2B4F517-50CD-46EF-9CFD-7DD01C7C6D5F}.Release|iPhone.ActiveCfg = Release|Any CPU
		{A2B4F517-50CD-46EF-9CFD-7DD01C7C6D5F}.Release|iPhone.Build.0 = Release|Any CPU
		{A2B4F517-50CD-46EF-9CFD-7DD01C7C6D5F}.Ad-Hoc|iPhone.ActiveCfg = Debug|Any CPU
		{A2B4F517-50CD-46EF-9CFD-7DD01C7C6D5F}.Ad-Hoc|iPhone.Build.0 = Debug|Any CPU
		{A2B4F517-50CD-46EF-9CFD-7DD01C7C6D5F}.AppStore|iPhone.ActiveCfg = Debug|Any CPU
		{A2B4F517-50CD-46EF-9CFD-7DD01C7C6D5F}.AppStore|iPhone.Build.0 = Debug|Any CPU
		{C18689F2-614C-4FA6-A57C-531770650B4E}.Debug|Any CPU.ActiveCfg = Debug|Any CPU
		{C18689F2-614C-4FA6-A57C-531770650B4E}.Debug|Any CPU.Build.0 = Debug|Any CPU
		{C18689F2-614C-4FA6-A57C-531770650B4E}.Debug|x86.ActiveCfg = Debug|Any CPU
		{C18689F2-614C-4FA6-A57C-531770650B4E}.Debug|x86.Build.0 = Debug|Any CPU
		{C18689F2-614C-4FA6-A57C-531770650B4E}.Release|Any CPU.ActiveCfg = Release|Any CPU
		{C18689F2-614C-4FA6-A57C-531770650B4E}.Release|Any CPU.Build.0 = Release|Any CPU
		{C18689F2-614C-4FA6-A57C-531770650B4E}.Release|x86.ActiveCfg = Release|Any CPU
		{C18689F2-614C-4FA6-A57C-531770650B4E}.Release|x86.Build.0 = Release|Any CPU
		{C18689F2-614C-4FA6-A57C-531770650B4E}.Debug|iPhoneSimulator.ActiveCfg = Debug|Any CPU
		{C18689F2-614C-4FA6-A57C-531770650B4E}.Debug|iPhoneSimulator.Build.0 = Debug|Any CPU
		{C18689F2-614C-4FA6-A57C-531770650B4E}.Release|iPhoneSimulator.ActiveCfg = Release|Any CPU
		{C18689F2-614C-4FA6-A57C-531770650B4E}.Release|iPhoneSimulator.Build.0 = Release|Any CPU
		{C18689F2-614C-4FA6-A57C-531770650B4E}.Debug|iPhone.ActiveCfg = Debug|Any CPU
		{C18689F2-614C-4FA6-A57C-531770650B4E}.Debug|iPhone.Build.0 = Debug|Any CPU
		{C18689F2-614C-4FA6-A57C-531770650B4E}.Release|iPhone.ActiveCfg = Release|Any CPU
		{C18689F2-614C-4FA6-A57C-531770650B4E}.Release|iPhone.Build.0 = Release|Any CPU
		{C18689F2-614C-4FA6-A57C-531770650B4E}.Ad-Hoc|iPhone.ActiveCfg = Debug|Any CPU
		{C18689F2-614C-4FA6-A57C-531770650B4E}.Ad-Hoc|iPhone.Build.0 = Debug|Any CPU
		{C18689F2-614C-4FA6-A57C-531770650B4E}.AppStore|iPhone.ActiveCfg = Debug|Any CPU
		{C18689F2-614C-4FA6-A57C-531770650B4E}.AppStore|iPhone.Build.0 = Debug|Any CPU
		{C6ADA296-625F-42B0-AC86-A11042A742DE}.Debug|Any CPU.ActiveCfg = Debug|iPhoneSimulator
		{C6ADA296-625F-42B0-AC86-A11042A742DE}.Debug|Any CPU.Build.0 = Debug|iPhoneSimulator
		{C6ADA296-625F-42B0-AC86-A11042A742DE}.Debug|x86.ActiveCfg = Debug|iPhoneSimulator
		{C6ADA296-625F-42B0-AC86-A11042A742DE}.Debug|x86.Build.0 = Debug|iPhoneSimulator
		{C6ADA296-625F-42B0-AC86-A11042A742DE}.Release|Any CPU.ActiveCfg = Release|iPhoneSimulator
		{C6ADA296-625F-42B0-AC86-A11042A742DE}.Release|Any CPU.Build.0 = Release|iPhoneSimulator
		{C6ADA296-625F-42B0-AC86-A11042A742DE}.Release|x86.ActiveCfg = Release|iPhoneSimulator
		{C6ADA296-625F-42B0-AC86-A11042A742DE}.Release|x86.Build.0 = Release|iPhoneSimulator
		{C6ADA296-625F-42B0-AC86-A11042A742DE}.Debug|iPhoneSimulator.ActiveCfg = Debug|iPhoneSimulator
		{C6ADA296-625F-42B0-AC86-A11042A742DE}.Debug|iPhoneSimulator.Build.0 = Debug|iPhoneSimulator
		{C6ADA296-625F-42B0-AC86-A11042A742DE}.Release|iPhoneSimulator.ActiveCfg = Release|iPhoneSimulator
		{C6ADA296-625F-42B0-AC86-A11042A742DE}.Release|iPhoneSimulator.Build.0 = Release|iPhoneSimulator
		{C6ADA296-625F-42B0-AC86-A11042A742DE}.Debug|iPhone.ActiveCfg = Debug|iPhone
		{C6ADA296-625F-42B0-AC86-A11042A742DE}.Debug|iPhone.Build.0 = Debug|iPhone
		{C6ADA296-625F-42B0-AC86-A11042A742DE}.Release|iPhone.ActiveCfg = Release|iPhone
		{C6ADA296-625F-42B0-AC86-A11042A742DE}.Release|iPhone.Build.0 = Release|iPhone
		{C6ADA296-625F-42B0-AC86-A11042A742DE}.Ad-Hoc|iPhone.ActiveCfg = Ad-Hoc|iPhone
		{C6ADA296-625F-42B0-AC86-A11042A742DE}.Ad-Hoc|iPhone.Build.0 = Ad-Hoc|iPhone
		{C6ADA296-625F-42B0-AC86-A11042A742DE}.AppStore|iPhone.ActiveCfg = AppStore|iPhone
		{C6ADA296-625F-42B0-AC86-A11042A742DE}.AppStore|iPhone.Build.0 = AppStore|iPhone
		{751F1582-12DB-4BB7-ADBA-F38F15A74B75}.Debug|Any CPU.ActiveCfg = Debug|Any CPU
		{751F1582-12DB-4BB7-ADBA-F38F15A74B75}.Debug|Any CPU.Build.0 = Debug|Any CPU
		{751F1582-12DB-4BB7-ADBA-F38F15A74B75}.Debug|x86.ActiveCfg = Debug|Any CPU
		{751F1582-12DB-4BB7-ADBA-F38F15A74B75}.Debug|x86.Build.0 = Debug|Any CPU
		{751F1582-12DB-4BB7-ADBA-F38F15A74B75}.Release|Any CPU.ActiveCfg = Release|Any CPU
		{751F1582-12DB-4BB7-ADBA-F38F15A74B75}.Release|Any CPU.Build.0 = Release|Any CPU
		{751F1582-12DB-4BB7-ADBA-F38F15A74B75}.Release|x86.ActiveCfg = Release|Any CPU
		{751F1582-12DB-4BB7-ADBA-F38F15A74B75}.Release|x86.Build.0 = Release|Any CPU
		{751F1582-12DB-4BB7-ADBA-F38F15A74B75}.Debug|iPhoneSimulator.ActiveCfg = Debug|Any CPU
		{751F1582-12DB-4BB7-ADBA-F38F15A74B75}.Debug|iPhoneSimulator.Build.0 = Debug|Any CPU
		{751F1582-12DB-4BB7-ADBA-F38F15A74B75}.Release|iPhoneSimulator.ActiveCfg = Release|Any CPU
		{751F1582-12DB-4BB7-ADBA-F38F15A74B75}.Release|iPhoneSimulator.Build.0 = Release|Any CPU
		{751F1582-12DB-4BB7-ADBA-F38F15A74B75}.Debug|iPhone.ActiveCfg = Debug|Any CPU
		{751F1582-12DB-4BB7-ADBA-F38F15A74B75}.Debug|iPhone.Build.0 = Debug|Any CPU
		{751F1582-12DB-4BB7-ADBA-F38F15A74B75}.Release|iPhone.ActiveCfg = Release|Any CPU
		{751F1582-12DB-4BB7-ADBA-F38F15A74B75}.Release|iPhone.Build.0 = Release|Any CPU
		{751F1582-12DB-4BB7-ADBA-F38F15A74B75}.Ad-Hoc|iPhone.ActiveCfg = Debug|Any CPU
		{751F1582-12DB-4BB7-ADBA-F38F15A74B75}.Ad-Hoc|iPhone.Build.0 = Debug|Any CPU
		{751F1582-12DB-4BB7-ADBA-F38F15A74B75}.AppStore|iPhone.ActiveCfg = Debug|Any CPU
		{751F1582-12DB-4BB7-ADBA-F38F15A74B75}.AppStore|iPhone.Build.0 = Debug|Any CPU
	EndGlobalSection
	GlobalSection(SolutionProperties) = preSolution
		HideSolutionNode = FALSE
	EndGlobalSection
	GlobalSection(ExtensibilityGlobals) = postSolution
		SolutionGuid = {71FE21D0-1EF3-45A5-A33D-CEFC6052C791}
	EndGlobalSection
EndGlobal
